
Microsoft Visual Studio Solution File, Format Version 12.00
# Visual Studio 15
VisualStudioVersion = 15.0.26014.0
MinimumVisualStudioVersion = 10.0.40219.1
Project("{2150E333-8FDC-42A3-9474-1A3956D46DE8}") = "src", "src", "{F0C4BD96-5862-4CC9-9098-17062EEDD05A}"
EndProject
Project("{2150E333-8FDC-42A3-9474-1A3956D46DE8}") = "Solution Items", "Solution Items", "{46FECC9B-57C0-4509-A96D-2DEB71FA6B90}"
	ProjectSection(SolutionItems) = preProject
		global.json = global.json
	EndProjectSection
EndProject
Project("{9A19103F-16F7-4668-BE54-9A1E7A4F7556}") = "Classroom.Data", "src\Classroom.Data\Classroom.Data.csproj", "{280E6CCC-328A-4AE4-9B2D-368E8438AE50}"
EndProject
Project("{9A19103F-16F7-4668-BE54-9A1E7A4F7556}") = "SharedLibs", "..\shared-libs\src\SharedLibs\SharedLibs.csproj", "{6CADEA00-3EBF-4B99-812C-2683F320C45C}"
EndProject
Project("{9A19103F-16F7-4668-BE54-9A1E7A4F7556}") = "Classroom.API", "src\Classroom.API\Classroom.API.csproj", "{46732F4B-991B-4350-97FF-D9930816B7BF}"
EndProject
Project("{9A19103F-16F7-4668-BE54-9A1E7A4F7556}") = "Classroom.Service", "src\Classroom.Service\Classroom.Service.csproj", "{F0CBEEB1-325C-4783-BA33-F47D8B24CC6D}"
EndProject
Project("{9A19103F-16F7-4668-BE54-9A1E7A4F7556}") = "Classroom.Repository", "src\Classroom.Repository\Classroom.Repository.csproj", "{4A855014-0B3B-4975-BB9A-4CBAE9A6CC33}"
EndProject
Global
	GlobalSection(SolutionConfigurationPlatforms) = preSolution
		Debug|Any CPU = Debug|Any CPU
		Release|Any CPU = Release|Any CPU
	EndGlobalSection
	GlobalSection(ProjectConfigurationPlatforms) = postSolution
		{280E6CCC-328A-4AE4-9B2D-368E8438AE50}.Debug|Any CPU.ActiveCfg = Debug|Any CPU
		{280E6CCC-328A-4AE4-9B2D-368E8438AE50}.Debug|Any CPU.Build.0 = Debug|Any CPU
		{280E6CCC-328A-4AE4-9B2D-368E8438AE50}.Release|Any CPU.ActiveCfg = Release|Any CPU
		{280E6CCC-328A-4AE4-9B2D-368E8438AE50}.Release|Any CPU.Build.0 = Release|Any CPU
		{6CADEA00-3EBF-4B99-812C-2683F320C45C}.Debug|Any CPU.ActiveCfg = Debug|Any CPU
		{6CADEA00-3EBF-4B99-812C-2683F320C45C}.Debug|Any CPU.Build.0 = Debug|Any CPU
		{6CADEA00-3EBF-4B99-812C-2683F320C45C}.Release|Any CPU.ActiveCfg = Release|Any CPU
		{6CADEA00-3EBF-4B99-812C-2683F320C45C}.Release|Any CPU.Build.0 = Release|Any CPU
		{46732F4B-991B-4350-97FF-D9930816B7BF}.Debug|Any CPU.ActiveCfg = Debug|Any CPU
		{46732F4B-991B-4350-97FF-D9930816B7BF}.Debug|Any CPU.Build.0 = Debug|Any CPU
		{46732F4B-991B-4350-97FF-D9930816B7BF}.Release|Any CPU.ActiveCfg = Release|Any CPU
		{46732F4B-991B-4350-97FF-D9930816B7BF}.Release|Any CPU.Build.0 = Release|Any CPU
		{F0CBEEB1-325C-4783-BA33-F47D8B24CC6D}.Debug|Any CPU.ActiveCfg = Debug|Any CPU
		{F0CBEEB1-325C-4783-BA33-F47D8B24CC6D}.Debug|Any CPU.Build.0 = Debug|Any CPU
		{F0CBEEB1-325C-4783-BA33-F47D8B24CC6D}.Release|Any CPU.ActiveCfg = Release|Any CPU
		{F0CBEEB1-325C-4783-BA33-F47D8B24CC6D}.Release|Any CPU.Build.0 = Release|Any CPU
		{4A855014-0B3B-4975-BB9A-4CBAE9A6CC33}.Debug|Any CPU.ActiveCfg = Debug|Any CPU
		{4A855014-0B3B-4975-BB9A-4CBAE9A6CC33}.Debug|Any CPU.Build.0 = Debug|Any CPU
		{4A855014-0B3B-4975-BB9A-4CBAE9A6CC33}.Release|Any CPU.ActiveCfg = Release|Any CPU
		{4A855014-0B3B-4975-BB9A-4CBAE9A6CC33}.Release|Any CPU.Build.0 = Release|Any CPU
	EndGlobalSection
	GlobalSection(SolutionProperties) = preSolution
		HideSolutionNode = FALSE
	EndGlobalSection
	GlobalSection(NestedProjects) = preSolution
		{280E6CCC-328A-4AE4-9B2D-368E8438AE50} = {F0C4BD96-5862-4CC9-9098-17062EEDD05A}
		{6CADEA00-3EBF-4B99-812C-2683F320C45C} = {F0C4BD96-5862-4CC9-9098-17062EEDD05A}
		{46732F4B-991B-4350-97FF-D9930816B7BF} = {F0C4BD96-5862-4CC9-9098-17062EEDD05A}
		{F0CBEEB1-325C-4783-BA33-F47D8B24CC6D} = {F0C4BD96-5862-4CC9-9098-17062EEDD05A}
		{4A855014-0B3B-4975-BB9A-4CBAE9A6CC33} = {F0C4BD96-5862-4CC9-9098-17062EEDD05A}
	EndGlobalSection
EndGlobal
