
Microsoft Visual Studio Solution File, Format Version 12.00
# Visual Studio 14
VisualStudioVersion = 14.0.25420.1
MinimumVisualStudioVersion = 10.0.40219.1
Project("{2150E333-8FDC-42A3-9474-1A3956D46DE8}") = "src", "src", "{EADDF2E4-6607-4970-8501-8AA28E38BDB4}"
EndProject
Project("{2150E333-8FDC-42A3-9474-1A3956D46DE8}") = "Solution Items", "Solution Items", "{390F1393-0B31-4334-A442-49DC76ACFDB6}"
	ProjectSection(SolutionItems) = preProject
		global.json = global.json
	EndProjectSection
EndProject
Project("{8BB2217D-0F2D-49D1-97BC-3654ED321F3B}") = "Student.Data", "src\Student.Data\Student.Data.xproj", "{D0C6239A-838B-466E-8FAA-7D5FC102EC11}"
EndProject
Project("{8BB2217D-0F2D-49D1-97BC-3654ED321F3B}") = "Student.API", "src\Student.API\Student.API.xproj", "{0F174B81-82A2-4DFF-941F-5FF7BB75FA48}"
EndProject
Project("{8BB2217D-0F2D-49D1-97BC-3654ED321F3B}") = "Student.Repository", "src\Student.Repository\Student.Repository.xproj", "{B3FD1DED-6A59-4ED4-85AA-5AF4E8A4EC5D}"
EndProject
Project("{8BB2217D-0F2D-49D1-97BC-3654ED321F3B}") = "Student.Service", "src\Student.Service\Student.Service.xproj", "{EC090A50-CCA6-484A-BAAB-D1F97115705B}"
EndProject
Project("{8BB2217D-0F2D-49D1-97BC-3654ED321F3B}") = "Student.Data.Database", "src\Student.Data.Database\Student.Data.Database.xproj", "{7F26E1DC-8506-43A1-96AF-C56E4DC27A72}"
EndProject
Global
	GlobalSection(SolutionConfigurationPlatforms) = preSolution
		Debug|Any CPU = Debug|Any CPU
		Release|Any CPU = Release|Any CPU
	EndGlobalSection
	GlobalSection(ProjectConfigurationPlatforms) = postSolution
		{D0C6239A-838B-466E-8FAA-7D5FC102EC11}.Debug|Any CPU.ActiveCfg = Debug|Any CPU
		{D0C6239A-838B-466E-8FAA-7D5FC102EC11}.Debug|Any CPU.Build.0 = Debug|Any CPU
		{D0C6239A-838B-466E-8FAA-7D5FC102EC11}.Release|Any CPU.ActiveCfg = Release|Any CPU
		{D0C6239A-838B-466E-8FAA-7D5FC102EC11}.Release|Any CPU.Build.0 = Release|Any CPU
		{0F174B81-82A2-4DFF-941F-5FF7BB75FA48}.Debug|Any CPU.ActiveCfg = Debug|Any CPU
		{0F174B81-82A2-4DFF-941F-5FF7BB75FA48}.Debug|Any CPU.Build.0 = Debug|Any CPU
		{0F174B81-82A2-4DFF-941F-5FF7BB75FA48}.Release|Any CPU.ActiveCfg = Release|Any CPU
		{0F174B81-82A2-4DFF-941F-5FF7BB75FA48}.Release|Any CPU.Build.0 = Release|Any CPU
		{B3FD1DED-6A59-4ED4-85AA-5AF4E8A4EC5D}.Debug|Any CPU.ActiveCfg = Debug|Any CPU
		{B3FD1DED-6A59-4ED4-85AA-5AF4E8A4EC5D}.Debug|Any CPU.Build.0 = Debug|Any CPU
		{B3FD1DED-6A59-4ED4-85AA-5AF4E8A4EC5D}.Release|Any CPU.ActiveCfg = Release|Any CPU
		{B3FD1DED-6A59-4ED4-85AA-5AF4E8A4EC5D}.Release|Any CPU.Build.0 = Release|Any CPU
		{EC090A50-CCA6-484A-BAAB-D1F97115705B}.Debug|Any CPU.ActiveCfg = Debug|Any CPU
		{EC090A50-CCA6-484A-BAAB-D1F97115705B}.Debug|Any CPU.Build.0 = Debug|Any CPU
		{EC090A50-CCA6-484A-BAAB-D1F97115705B}.Release|Any CPU.ActiveCfg = Release|Any CPU
		{EC090A50-CCA6-484A-BAAB-D1F97115705B}.Release|Any CPU.Build.0 = Release|Any CPU
		{7F26E1DC-8506-43A1-96AF-C56E4DC27A72}.Debug|Any CPU.ActiveCfg = Debug|Any CPU
		{7F26E1DC-8506-43A1-96AF-C56E4DC27A72}.Debug|Any CPU.Build.0 = Debug|Any CPU
		{7F26E1DC-8506-43A1-96AF-C56E4DC27A72}.Release|Any CPU.ActiveCfg = Release|Any CPU
		{7F26E1DC-8506-43A1-96AF-C56E4DC27A72}.Release|Any CPU.Build.0 = Release|Any CPU
	EndGlobalSection
	GlobalSection(SolutionProperties) = preSolution
		HideSolutionNode = FALSE
	EndGlobalSection
	GlobalSection(NestedProjects) = preSolution
		{D0C6239A-838B-466E-8FAA-7D5FC102EC11} = {EADDF2E4-6607-4970-8501-8AA28E38BDB4}
		{0F174B81-82A2-4DFF-941F-5FF7BB75FA48} = {EADDF2E4-6607-4970-8501-8AA28E38BDB4}
		{B3FD1DED-6A59-4ED4-85AA-5AF4E8A4EC5D} = {EADDF2E4-6607-4970-8501-8AA28E38BDB4}
		{EC090A50-CCA6-484A-BAAB-D1F97115705B} = {EADDF2E4-6607-4970-8501-8AA28E38BDB4}
		{7F26E1DC-8506-43A1-96AF-C56E4DC27A72} = {EADDF2E4-6607-4970-8501-8AA28E38BDB4}
	EndGlobalSection
EndGlobal
